
Microsoft Visual Studio Solution File, Format Version 12.00
# Visual Studio Version 16
VisualStudioVersion = 16.0.31729.503
MinimumVisualStudioVersion = 10.0.40219.1
Project("{9A19103F-16F7-4668-BE54-9A1E7A4F7556}") = "ModuloGestaoTarefas", "ModuloGestaoTarefas\ModuloGestaoTarefas.csproj", "{35840B45-CB56-4A07-918E-CC1BC22FC0B7}"
EndProject
Project("{2150E333-8FDC-42A3-9474-1A3956D46DE8}") = "Solution Items", "Solution Items", "{0F0D591C-6027-4538-B62F-579E005056BC}"
	ProjectSection(SolutionItems) = preProject
		Imagens\01.png = Imagens\01.png
		README.md = README.md
	EndProjectSection
EndProject
Global
	GlobalSection(SolutionConfigurationPlatforms) = preSolution
		Debug|Any CPU = Debug|Any CPU
		Release|Any CPU = Release|Any CPU
	EndGlobalSection
	GlobalSection(ProjectConfigurationPlatforms) = postSolution
		{35840B45-CB56-4A07-918E-CC1BC22FC0B7}.Debug|Any CPU.ActiveCfg = Debug|Any CPU
		{35840B45-CB56-4A07-918E-CC1BC22FC0B7}.Debug|Any CPU.Build.0 = Debug|Any CPU
		{35840B45-CB56-4A07-918E-CC1BC22FC0B7}.Release|Any CPU.ActiveCfg = Release|Any CPU
		{35840B45-CB56-4A07-918E-CC1BC22FC0B7}.Release|Any CPU.Build.0 = Release|Any CPU
	EndGlobalSection
	GlobalSection(SolutionProperties) = preSolution
		HideSolutionNode = FALSE
	EndGlobalSection
	GlobalSection(ExtensibilityGlobals) = postSolution
		SolutionGuid = {1D1CE228-B172-416B-993D-9FC9967295FA}
	EndGlobalSection
EndGlobal
